
Microsoft Visual Studio Solution File, Format Version 12.00
# Visual Studio Version 17
VisualStudioVersion = 17.7.34031.279
MinimumVisualStudioVersion = 10.0.40219.1
Project("{FAE04EC0-301F-11D3-BF4B-00C04F79EFBC}") = "loginHandler", "loginHandler\loginHandler.csproj", "{1402DF06-B102-44AF-B1A7-9ED3DA5711EC}"
EndProject
Global
	GlobalSection(SolutionConfigurationPlatforms) = preSolution
		Debug|Any CPU = Debug|Any CPU
		Release|Any CPU = Release|Any CPU
	EndGlobalSection
	GlobalSection(ProjectConfigurationPlatforms) = postSolution
		{1402DF06-B102-44AF-B1A7-9ED3DA5711EC}.Debug|Any CPU.ActiveCfg = Debug|Any CPU
		{1402DF06-B102-44AF-B1A7-9ED3DA5711EC}.Debug|Any CPU.Build.0 = Debug|Any CPU
		{1402DF06-B102-44AF-B1A7-9ED3DA5711EC}.Release|Any CPU.ActiveCfg = Release|Any CPU
		{1402DF06-B102-44AF-B1A7-9ED3DA5711EC}.Release|Any CPU.Build.0 = Release|Any CPU
	EndGlobalSection
	GlobalSection(SolutionProperties) = preSolution
		HideSolutionNode = FALSE
	EndGlobalSection
	GlobalSection(ExtensibilityGlobals) = postSolution
		SolutionGuid = {C90683A7-AC91-4B29-9DBE-4AB02785295A}
	EndGlobalSection
EndGlobal
